
Microsoft Visual Studio Solution File, Format Version 12.00
# Visual Studio Version 16
VisualStudioVersion = 16.0.30320.27
MinimumVisualStudioVersion = 10.0.40219.1
Project("{2150E333-8FDC-42A3-9474-1A3956D46DE8}") = "src", "src", "{8382F126-B27F-4834-8FC4-6CE40D24A849}"
EndProject
Project("{2150E333-8FDC-42A3-9474-1A3956D46DE8}") = "test", "test", "{3DEFEE27-7D06-45A3-94E3-D561F2028344}"
EndProject
Project("{9A19103F-16F7-4668-BE54-9A1E7A4F7556}") = "Library.Core", "Library.Core\Library.Core.csproj", "{610F5D8D-7FB6-4A63-BC44-4D00C944B9A9}"
EndProject
Project("{9A19103F-16F7-4668-BE54-9A1E7A4F7556}") = "Library.Infrastructure", "Library.Infrastructure\Library.Infrastructure.csproj", "{6571BCC3-9CC9-4F4A-81FC-8A486C01F06A}"
EndProject
Project("{9A19103F-16F7-4668-BE54-9A1E7A4F7556}") = "Library.Web", "Library.Web\Library.Web.csproj", "{013784FA-F819-44DA-9CD4-FA6944BFC322}"
EndProject
Project("{FAE04EC0-301F-11D3-BF4B-00C04F79EFBC}") = "Library.IntegrationTest", "Library.IntegrationTest\Library.IntegrationTest.csproj", "{D4AECA65-F566-43AD-AD36-4EC3F589B299}"
EndProject
Project("{FAE04EC0-301F-11D3-BF4B-00C04F79EFBC}") = "Library._FunctionalTest", "Library._FunctionalTest\Library._FunctionalTest.csproj", "{ACB28758-D8F2-46E8-B896-A63EEA84D11E}"
EndProject
Global
	GlobalSection(SolutionConfigurationPlatforms) = preSolution
		Debug|Any CPU = Debug|Any CPU
		Release|Any CPU = Release|Any CPU
	EndGlobalSection
	GlobalSection(ProjectConfigurationPlatforms) = postSolution
		{610F5D8D-7FB6-4A63-BC44-4D00C944B9A9}.Debug|Any CPU.ActiveCfg = Debug|Any CPU
		{610F5D8D-7FB6-4A63-BC44-4D00C944B9A9}.Debug|Any CPU.Build.0 = Debug|Any CPU
		{610F5D8D-7FB6-4A63-BC44-4D00C944B9A9}.Release|Any CPU.ActiveCfg = Release|Any CPU
		{610F5D8D-7FB6-4A63-BC44-4D00C944B9A9}.Release|Any CPU.Build.0 = Release|Any CPU
		{6571BCC3-9CC9-4F4A-81FC-8A486C01F06A}.Debug|Any CPU.ActiveCfg = Debug|Any CPU
		{6571BCC3-9CC9-4F4A-81FC-8A486C01F06A}.Debug|Any CPU.Build.0 = Debug|Any CPU
		{6571BCC3-9CC9-4F4A-81FC-8A486C01F06A}.Release|Any CPU.ActiveCfg = Release|Any CPU
		{6571BCC3-9CC9-4F4A-81FC-8A486C01F06A}.Release|Any CPU.Build.0 = Release|Any CPU
		{013784FA-F819-44DA-9CD4-FA6944BFC322}.Debug|Any CPU.ActiveCfg = Debug|Any CPU
		{013784FA-F819-44DA-9CD4-FA6944BFC322}.Debug|Any CPU.Build.0 = Debug|Any CPU
		{013784FA-F819-44DA-9CD4-FA6944BFC322}.Release|Any CPU.ActiveCfg = Release|Any CPU
		{013784FA-F819-44DA-9CD4-FA6944BFC322}.Release|Any CPU.Build.0 = Release|Any CPU
		{D4AECA65-F566-43AD-AD36-4EC3F589B299}.Debug|Any CPU.ActiveCfg = Debug|Any CPU
		{D4AECA65-F566-43AD-AD36-4EC3F589B299}.Debug|Any CPU.Build.0 = Debug|Any CPU
		{D4AECA65-F566-43AD-AD36-4EC3F589B299}.Release|Any CPU.ActiveCfg = Release|Any CPU
		{D4AECA65-F566-43AD-AD36-4EC3F589B299}.Release|Any CPU.Build.0 = Release|Any CPU
		{ACB28758-D8F2-46E8-B896-A63EEA84D11E}.Debug|Any CPU.ActiveCfg = Debug|Any CPU
		{ACB28758-D8F2-46E8-B896-A63EEA84D11E}.Debug|Any CPU.Build.0 = Debug|Any CPU
		{ACB28758-D8F2-46E8-B896-A63EEA84D11E}.Release|Any CPU.ActiveCfg = Release|Any CPU
		{ACB28758-D8F2-46E8-B896-A63EEA84D11E}.Release|Any CPU.Build.0 = Release|Any CPU
	EndGlobalSection
	GlobalSection(SolutionProperties) = preSolution
		HideSolutionNode = FALSE
	EndGlobalSection
	GlobalSection(NestedProjects) = preSolution
		{610F5D8D-7FB6-4A63-BC44-4D00C944B9A9} = {8382F126-B27F-4834-8FC4-6CE40D24A849}
		{6571BCC3-9CC9-4F4A-81FC-8A486C01F06A} = {8382F126-B27F-4834-8FC4-6CE40D24A849}
		{013784FA-F819-44DA-9CD4-FA6944BFC322} = {8382F126-B27F-4834-8FC4-6CE40D24A849}
		{D4AECA65-F566-43AD-AD36-4EC3F589B299} = {3DEFEE27-7D06-45A3-94E3-D561F2028344}
		{ACB28758-D8F2-46E8-B896-A63EEA84D11E} = {3DEFEE27-7D06-45A3-94E3-D561F2028344}
	EndGlobalSection
	GlobalSection(ExtensibilityGlobals) = postSolution
		SolutionGuid = {9A824082-0610-4FBD-8EB9-9A08AFD7BF1A}
	EndGlobalSection
EndGlobal
